
Microsoft Visual Studio Solution File, Format Version 12.00
# Visual Studio Version 16
VisualStudioVersion = 16.0.31613.86
MinimumVisualStudioVersion = 10.0.40219.1
Project("{FAE04EC0-301F-11D3-BF4B-00C04F79EFBC}") = "Menu_Davidsen", "Menu_Davidsen.csproj", "{64480A73-B0BC-495C-8878-C85305331071}"
EndProject
Global
	GlobalSection(SolutionConfigurationPlatforms) = preSolution
		Debug|Any CPU = Debug|Any CPU
		Release|Any CPU = Release|Any CPU
	EndGlobalSection
	GlobalSection(ProjectConfigurationPlatforms) = postSolution
		{64480A73-B0BC-495C-8878-C85305331071}.Debug|Any CPU.ActiveCfg = Debug|Any CPU
		{64480A73-B0BC-495C-8878-C85305331071}.Debug|Any CPU.Build.0 = Debug|Any CPU
		{64480A73-B0BC-495C-8878-C85305331071}.Release|Any CPU.ActiveCfg = Release|Any CPU
		{64480A73-B0BC-495C-8878-C85305331071}.Release|Any CPU.Build.0 = Release|Any CPU
	EndGlobalSection
	GlobalSection(SolutionProperties) = preSolution
		HideSolutionNode = FALSE
	EndGlobalSection
	GlobalSection(ExtensibilityGlobals) = postSolution
		SolutionGuid = {6D5889B4-BFF8-470E-BF99-F481E6260C97}
	EndGlobalSection
EndGlobal
